// !$*UTF8*$!
{
	archiveVersion = 1;
	classes = {
	};
	objectVersion = 50;
	objects = {

/* Begin PBXBuildFile section */
		9A9F6AA7232AF3D600556904 /* AppDelegate.swift in Sources */ = {isa = PBXBuildFile; fileRef = 9A9F6AA6232AF3D600556904 /* AppDelegate.swift */; };
		9A9F6AA9232AF3D600556904 /* ViewController.swift in Sources */ = {isa = PBXBuildFile; fileRef = 9A9F6AA8232AF3D600556904 /* ViewController.swift */; };
		9A9F6AAC232AF3D600556904 /* Main.storyboard in Resources */ = {isa = PBXBuildFile; fileRef = 9A9F6AAA232AF3D600556904 /* Main.storyboard */; };
		9A9F6AAF232AF3D600556904 /* Person_UI.xcdatamodeld in Sources */ = {isa = PBXBuildFile; fileRef = 9A9F6AAD232AF3D600556904 /* Person_UI.xcdatamodeld */; };
		9A9F6AB1232AF3D800556904 /* Assets.xcassets in Resources */ = {isa = PBXBuildFile; fileRef = 9A9F6AB0232AF3D800556904 /* Assets.xcassets */; };
		9A9F6AB4232AF3D800556904 /* LaunchScreen.storyboard in Resources */ = {isa = PBXBuildFile; fileRef = 9A9F6AB2232AF3D800556904 /* LaunchScreen.storyboard */; };
		9A9F6ABF232AF3D800556904 /* Person_UIUITests.swift in Sources */ = {isa = PBXBuildFile; fileRef = 9A9F6ABE232AF3D800556904 /* Person_UIUITests.swift */; };
/* End PBXBuildFile section */

/* Begin PBXContainerItemProxy section */
		9A9F6ABB232AF3D800556904 /* PBXContainerItemProxy */ = {
			isa = PBXContainerItemProxy;
			containerPortal = 9A9F6A9B232AF3D600556904 /* Project object */;
			proxyType = 1;
			remoteGlobalIDString = 9A9F6AA2232AF3D600556904;
			remoteInfo = "Person UI";
		};
/* End PBXContainerItemProxy section */

/* Begin PBXFileReference section */
		9A9F6AA3232AF3D600556904 /* Person UI.app */ = {isa = PBXFileReference; explicitFileType = wrapper.application; includeInIndex = 0; path = "Person UI.app"; sourceTree = BUILT_PRODUCTS_DIR; };
		9A9F6AA6232AF3D600556904 /* AppDelegate.swift */ = {isa = PBXFileReference; lastKnownFileType = sourcecode.swift; path = AppDelegate.swift; sourceTree = "<group>"; };
		9A9F6AA8232AF3D600556904 /* ViewController.swift */ = {isa = PBXFileReference; lastKnownFileType = sourcecode.swift; path = ViewController.swift; sourceTree = "<group>"; };
		9A9F6AAB232AF3D600556904 /* Base */ = {isa = PBXFileReference; lastKnownFileType = file.storyboard; name = Base; path = Base.lproj/Main.storyboard; sourceTree = "<group>"; };
		9A9F6AAE232AF3D600556904 /* Person_UI.xcdatamodel */ = {isa = PBXFileReference; lastKnownFileType = wrapper.xcdatamodel; path = Person_UI.xcdatamodel; sourceTree = "<group>"; };
		9A9F6AB0232AF3D800556904 /* Assets.xcassets */ = {isa = PBXFileReference; lastKnownFileType = folder.assetcatalog; path = Assets.xcassets; sourceTree = "<group>"; };
		9A9F6AB3232AF3D800556904 /* Base */ = {isa = PBXFileReference; lastKnownFileType = file.storyboard; name = Base; path = Base.lproj/LaunchScreen.storyboard; sourceTree = "<group>"; };
		9A9F6AB5232AF3D800556904 /* Info.plist */ = {isa = PBXFileReference; lastKnownFileType = text.plist.xml; path = Info.plist; sourceTree = "<group>"; };
		9A9F6ABA232AF3D800556904 /* Person UIUITests.xctest */ = {isa = PBXFileReference; explicitFileType = wrapper.cfbundle; includeInIndex = 0; path = "Person UIUITests.xctest"; sourceTree = BUILT_PRODUCTS_DIR; };
		9A9F6ABE232AF3D800556904 /* Person_UIUITests.swift */ = {isa = PBXFileReference; lastKnownFileType = sourcecode.swift; path = Person_UIUITests.swift; sourceTree = "<group>"; };
		9A9F6AC0232AF3D800556904 /* Info.plist */ = {isa = PBXFileReference; lastKnownFileType = text.plist.xml; path = Info.plist; sourceTree = "<group>"; };
/* End PBXFileReference section */

/* Begin PBXFrameworksBuildPhase section */
		9A9F6AA0232AF3D600556904 /* Frameworks */ = {
			isa = PBXFrameworksBuildPhase;
			buildActionMask = 2147483647;
			files = (
			);
			runOnlyForDeploymentPostprocessing = 0;
		};
		9A9F6AB7232AF3D800556904 /* Frameworks */ = {
			isa = PBXFrameworksBuildPhase;
			buildActionMask = 2147483647;
			files = (
			);
			runOnlyForDeploymentPostprocessing = 0;
		};
/* End PBXFrameworksBuildPhase section */

/* Begin PBXGroup section */
		9A9F6A9A232AF3D600556904 = {
			isa = PBXGroup;
			children = (
				9A9F6AA5232AF3D600556904 /* Person UI */,
				9A9F6ABD232AF3D800556904 /* Person UIUITests */,
				9A9F6AA4232AF3D600556904 /* Products */,
			);
			sourceTree = "<group>";
		};
		9A9F6AA4232AF3D600556904 /* Products */ = {
			isa = PBXGroup;
			children = (
				9A9F6AA3232AF3D600556904 /* Person UI.app */,
				9A9F6ABA232AF3D800556904 /* Person UIUITests.xctest */,
			);
			name = Products;
			sourceTree = "<group>";
		};
		9A9F6AA5232AF3D600556904 /* Person UI */ = {
			isa = PBXGroup;
			children = (
				9A9F6AA6232AF3D600556904 /* AppDelegate.swift */,
				9A9F6AA8232AF3D600556904 /* ViewController.swift */,
				9A9F6AAA232AF3D600556904 /* Main.storyboard */,
				9A9F6AB0232AF3D800556904 /* Assets.xcassets */,
				9A9F6AB2232AF3D800556904 /* LaunchScreen.storyboard */,
				9A9F6AB5232AF3D800556904 /* Info.plist */,
				9A9F6AAD232AF3D600556904 /* Person_UI.xcdatamodeld */,
			);
			path = "Person UI";
			sourceTree = "<group>";
		};
		9A9F6ABD232AF3D800556904 /* Person UIUITests */ = {
			isa = PBXGroup;
			children = (
				9A9F6ABE232AF3D800556904 /* Person_UIUITests.swift */,
				9A9F6AC0232AF3D800556904 /* Info.plist */,
			);
			path = "Person UIUITests";
			sourceTree = "<group>";
		};
/* End PBXGroup section */

/* Begin PBXNativeTarget section */
		9A9F6AA2232AF3D600556904 /* Person UI */ = {
			isa = PBXNativeTarget;
			buildConfigurationList = 9A9F6AC3232AF3D800556904 /* Build configuration list for PBXNativeTarget "Person UI" */;
			buildPhases = (
				9A9F6A9F232AF3D600556904 /* Sources */,
				9A9F6AA0232AF3D600556904 /* Frameworks */,
				9A9F6AA1232AF3D600556904 /* Resources */,
			);
			buildRules = (
			);
			dependencies = (
			);
			name = "Person UI";
			productName = "Person UI";
			productReference = 9A9F6AA3232AF3D600556904 /* Person UI.app */;
			productType = "com.apple.product-type.application";
		};
		9A9F6AB9232AF3D800556904 /* Person UIUITests */ = {
			isa = PBXNativeTarget;
			buildConfigurationList = 9A9F6AC6232AF3D800556904 /* Build configuration list for PBXNativeTarget "Person UIUITests" */;
			buildPhases = (
				9A9F6AB6232AF3D800556904 /* Sources */,
				9A9F6AB7232AF3D800556904 /* Frameworks */,
				9A9F6AB8232AF3D800556904 /* Resources */,
			);
			buildRules = (
			);
			dependencies = (
				9A9F6ABC232AF3D800556904 /* PBXTargetDependency */,
			);
			name = "Person UIUITests";
			productName = "Person UIUITests";
			productReference = 9A9F6ABA232AF3D800556904 /* Person UIUITests.xctest */;
			productType = "com.apple.product-type.bundle.ui-testing";
		};
/* End PBXNativeTarget section */

/* Begin PBXProject section */
		9A9F6A9B232AF3D600556904 /* Project object */ = {
			isa = PBXProject;
			attributes = {
				LastSwiftUpdateCheck = 1030;
				LastUpgradeCheck = 1030;
				ORGANIZATIONNAME = "Grant Harrison";
				TargetAttributes = {
					9A9F6AA2232AF3D600556904 = {
						CreatedOnToolsVersion = 10.3;
					};
					9A9F6AB9232AF3D800556904 = {
						CreatedOnToolsVersion = 10.3;
						TestTargetID = 9A9F6AA2232AF3D600556904;
					};
				};
			};
			buildConfigurationList = 9A9F6A9E232AF3D600556904 /* Build configuration list for PBXProject "Person UI" */;
			compatibilityVersion = "Xcode 9.3";
			developmentRegion = en;
			hasScannedForEncodings = 0;
			knownRegions = (
				en,
				Base,
			);
			mainGroup = 9A9F6A9A232AF3D600556904;
			productRefGroup = 9A9F6AA4232AF3D600556904 /* Products */;
			projectDirPath = "";
			projectRoot = "";
			targets = (
				9A9F6AA2232AF3D600556904 /* Person UI */,
				9A9F6AB9232AF3D800556904 /* Person UIUITests */,
			);
		};
/* End PBXProject section */

/* Begin PBXResourcesBuildPhase section */
		9A9F6AA1232AF3D600556904 /* Resources */ = {
			isa = PBXResourcesBuildPhase;
			buildActionMask = 2147483647;
			files = (
				9A9F6AB4232AF3D800556904 /* LaunchScreen.storyboard in Resources */,
				9A9F6AB1232AF3D800556904 /* Assets.xcassets in Resources */,
				9A9F6AAC232AF3D600556904 /* Main.storyboard in Resources */,
			);
			runOnlyForDeploymentPostprocessing = 0;
		};
		9A9F6AB8232AF3D800556904 /* Resources */ = {
			isa = PBXResourcesBuildPhase;
			buildActionMask = 2147483647;
			files = (
			);
			runOnlyForDeploymentPostprocessing = 0;
		};
/* End PBXResourcesBuildPhase section */

/* Begin PBXSourcesBuildPhase section */
		9A9F6A9F232AF3D600556904 /* Sources */ = {
			isa = PBXSourcesBuildPhase;
			buildActionMask = 2147483647;
			files = (
				9A9F6AAF232AF3D600556904 /* Person_UI.xcdatamodeld in Sources */,
				9A9F6AA9232AF3D600556904 /* ViewController.swift in Sources */,
				9A9F6AA7232AF3D600556904 /* AppDelegate.swift in Sources */,
			);
			runOnlyForDeploymentPostprocessing = 0;
		};
		9A9F6AB6232AF3D800556904 /* Sources */ = {
			isa = PBXSourcesBuildPhase;
			buildActionMask = 2147483647;
			files = (
				9A9F6ABF232AF3D800556904 /* Person_UIUITests.swift in Sources */,
			);
			runOnlyForDeploymentPostprocessing = 0;
		};
/* End PBXSourcesBuildPhase section */

/* Begin PBXTargetDependency section */
		9A9F6ABC232AF3D800556904 /* PBXTargetDependency */ = {
			isa = PBXTargetDependency;
			target = 9A9F6AA2232AF3D600556904 /* Person UI */;
			targetProxy = 9A9F6ABB232AF3D800556904 /* PBXContainerItemProxy */;
		};
/* End PBXTargetDependency section */

/* Begin PBXVariantGroup section */
		9A9F6AAA232AF3D600556904 /* Main.storyboard */ = {
			isa = PBXVariantGroup;
			children = (
				9A9F6AAB232AF3D600556904 /* Base */,
			);
			name = Main.storyboard;
			sourceTree = "<group>";
		};
		9A9F6AB2232AF3D800556904 /* LaunchScreen.storyboard */ = {
			isa = PBXVariantGroup;
			children = (
				9A9F6AB3232AF3D800556904 /* Base */,
			);
			name = LaunchScreen.storyboard;
			sourceTree = "<group>";
		};
/* End PBXVariantGroup section */

/* Begin XCBuildConfiguration section */
		9A9F6AC1232AF3D800556904 /* Debug */ = {
			isa = XCBuildConfiguration;
			buildSettings = {
				ALWAYS_SEARCH_USER_PATHS = NO;
				CLANG_ANALYZER_NONNULL = YES;
				CLANG_ANALYZER_NUMBER_OBJECT_CONVERSION = YES_AGGRESSIVE;
				CLANG_CXX_LANGUAGE_STANDARD = "gnu++14";
				CLANG_CXX_LIBRARY = "libc++";
				CLANG_ENABLE_MODULES = YES;
				CLANG_ENABLE_OBJC_ARC = YES;
				CLANG_ENABLE_OBJC_WEAK = YES;
				CLANG_WARN_BLOCK_CAPTURE_AUTORELEASING = YES;
				CLANG_WARN_BOOL_CONVERSION = YES;
				CLANG_WARN_COMMA = YES;
				CLANG_WARN_CONSTANT_CONVERSION = YES;
				CLANG_WARN_DEPRECATED_OBJC_IMPLEMENTATIONS = YES;
				CLANG_WARN_DIRECT_OBJC_ISA_USAGE = YES_ERROR;
				CLANG_WARN_DOCUMENTATION_COMMENTS = YES;
				CLANG_WARN_EMPTY_BODY = YES;
				CLANG_WARN_ENUM_CONVERSION = YES;
				CLANG_WARN_INFINITE_RECURSION = YES;
				CLANG_WARN_INT_CONVERSION = YES;
				CLANG_WARN_NON_LITERAL_NULL_CONVERSION = YES;
				CLANG_WARN_OBJC_IMPLICIT_RETAIN_SELF = YES;
				CLANG_WARN_OBJC_LITERAL_CONVERSION = YES;
				CLANG_WARN_OBJC_ROOT_CLASS = YES_ERROR;
				CLANG_WARN_RANGE_LOOP_ANALYSIS = YES;
				CLANG_WARN_STRICT_PROTOTYPES = YES;
				CLANG_WARN_SUSPICIOUS_MOVE = YES;
				CLANG_WARN_UNGUARDED_AVAILABILITY = YES_AGGRESSIVE;
				CLANG_WARN_UNREACHABLE_CODE = YES;
				CLANG_WARN__DUPLICATE_METHOD_MATCH = YES;
				CODE_SIGN_IDENTITY = "iPhone Developer";
				COPY_PHASE_STRIP = NO;
				DEBUG_INFORMATION_FORMAT = dwarf;
				ENABLE_STRICT_OBJC_MSGSEND = YES;
				ENABLE_TESTABILITY = YES;
				GCC_C_LANGUAGE_STANDARD = gnu11;
				GCC_DYNAMIC_NO_PIC = NO;
				GCC_NO_COMMON_BLOCKS = YES;
				GCC_OPTIMIZATION_LEVEL = 0;
				GCC_PREPROCESSOR_DEFINITIONS = (
					"DEBUG=1",
					"$(inherited)",
				);
				GCC_WARN_64_TO_32_BIT_CONVERSION = YES;
				GCC_WARN_ABOUT_RETURN_TYPE = YES_ERROR;
				GCC_WARN_UNDECLARED_SELECTOR = YES;
				GCC_WARN_UNINITIALIZED_AUTOS = YES_AGGRESSIVE;
				GCC_WARN_UNUSED_FUNCTION = YES;
				GCC_WARN_UNUSED_VARIABLE = YES;
				IPHONEOS_DEPLOYMENT_TARGET = 12.4;
				MTL_ENABLE_DEBUG_INFO = INCLUDE_SOURCE;
				MTL_FAST_MATH = YES;
				ONLY_ACTIVE_ARCH = YES;
				SDKROOT = iphoneos;
				SWIFT_ACTIVE_COMPILATION_CONDITIONS = DEBUG;
				SWIFT_OPTIMIZATION_LEVEL = "-Onone";
			};
			name = Debug;
		};
		9A9F6AC2232AF3D800556904 /* Release */ = {
			isa = XCBuildConfiguration;
			buildSettings = {
				ALWAYS_SEARCH_USER_PATHS = NO;
				CLANG_ANALYZER_NONNULL = YES;
				CLANG_ANALYZER_NUMBER_OBJECT_CONVERSION = YES_AGGRESSIVE;
				CLANG_CXX_LANGUAGE_STANDARD = "gnu++14";
				CLANG_CXX_LIBRARY = "libc++";
				CLANG_ENABLE_MODULES = YES;
				CLANG_ENABLE_OBJC_ARC = YES;
				CLANG_ENABLE_OBJC_WEAK = YES;
				CLANG_WARN_BLOCK_CAPTURE_AUTORELEASING = YES;
				CLANG_WARN_BOOL_CONVERSION = YES;
				CLANG_WARN_COMMA = YES;
				CLANG_WARN_CONSTANT_CONVERSION = YES;
				CLANG_WARN_DEPRECATED_OBJC_IMPLEMENTATIONS = YES;
				CLANG_WARN_DIRECT_OBJC_ISA_USAGE = YES_ERROR;
				CLANG_WARN_DOCUMENTATION_COMMENTS = YES;
				CLANG_WARN_EMPTY_BODY = YES;
				CLANG_WARN_ENUM_CONVERSION = YES;
				CLANG_WARN_INFINITE_RECURSION = YES;
				CLANG_WARN_INT_CONVERSION = YES;
				CLANG_WARN_NON_LITERAL_NULL_CONVERSION = YES;
				CLANG_WARN_OBJC_IMPLICIT_RETAIN_SELF = YES;
				CLANG_WARN_OBJC_LITERAL_CONVERSION = YES;
				CLANG_WARN_OBJC_ROOT_CLASS = YES_ERROR;
				CLANG_WARN_RANGE_LOOP_ANALYSIS = YES;
				CLANG_WARN_STRICT_PROTOTYPES = YES;
				CLANG_WARN_SUSPICIOUS_MOVE = YES;
				CLANG_WARN_UNGUARDED_AVAILABILITY = YES_AGGRESSIVE;
				CLANG_WARN_UNREACHABLE_CODE = YES;
				CLANG_WARN__DUPLICATE_METHOD_MATCH = YES;
				CODE_SIGN_IDENTITY = "iPhone Developer";
				COPY_PHASE_STRIP = NO;
				DEBUG_INFORMATION_FORMAT = "dwarf-with-dsym";
				ENABLE_NS_ASSERTIONS = NO;
				ENABLE_STRICT_OBJC_MSGSEND = YES;
				GCC_C_LANGUAGE_STANDARD = gnu11;
				GCC_NO_COMMON_BLOCKS = YES;
				GCC_WARN_64_TO_32_BIT_CONVERSION = YES;
				GCC_WARN_ABOUT_RETURN_TYPE = YES_ERROR;
				GCC_WARN_UNDECLARED_SELECTOR = YES;
				GCC_WARN_UNINITIALIZED_AUTOS = YES_AGGRESSIVE;
				GCC_WARN_UNUSED_FUNCTION = YES;
				GCC_WARN_UNUSED_VARIABLE = YES;
				IPHONEOS_DEPLOYMENT_TARGET = 12.4;
				MTL_ENABLE_DEBUG_INFO = NO;
				MTL_FAST_MATH = YES;
				SDKROOT = iphoneos;
				SWIFT_COMPILATION_MODE = wholemodule;
				SWIFT_OPTIMIZATION_LEVEL = "-O";
				VALIDATE_PRODUCT = YES;
			};
			name = Release;
		};
		9A9F6AC4232AF3D800556904 /* Debug */ = {
			isa = XCBuildConfiguration;
			buildSettings = {
				ASSETCATALOG_COMPILER_APPICON_NAME = AppIcon;
				CODE_SIGN_STYLE = Automatic;
				DEVELOPMENT_TEAM = 3T3T8J4T3X;
				INFOPLIST_FILE = "Person UI/Info.plist";
				LD_RUNPATH_SEARCH_PATHS = (
					"$(inherited)",
					"@executable_path/Frameworks",
				);
				PRODUCT_BUNDLE_IDENTIFIER = "com.grantharrison.Person-UI";
				PRODUCT_NAME = "$(TARGET_NAME)";
				SWIFT_VERSION = 5.0;
				TARGETED_DEVICE_FAMILY = "1,2";
			};
			name = Debug;
		};
		9A9F6AC5232AF3D800556904 /* Release */ = {
			isa = XCBuildConfiguration;
			buildSettings = {
				ASSETCATALOG_COMPILER_APPICON_NAME = AppIcon;
				CODE_SIGN_STYLE = Automatic;
				DEVELOPMENT_TEAM = 3T3T8J4T3X;
				INFOPLIST_FILE = "Person UI/Info.plist";
				LD_RUNPATH_SEARCH_PATHS = (
					"$(inherited)",
					"@executable_path/Frameworks",
				);
				PRODUCT_BUNDLE_IDENTIFIER = "com.grantharrison.Person-UI";
				PRODUCT_NAME = "$(TARGET_NAME)";
				SWIFT_VERSION = 5.0;
				TARGETED_DEVICE_FAMILY = "1,2";
			};
			name = Release;
		};
		9A9F6AC7232AF3D800556904 /* Debug */ = {
			isa = XCBuildConfiguration;
			buildSettings = {
				ALWAYS_EMBED_SWIFT_STANDARD_LIBRARIES = YES;
				CODE_SIGN_STYLE = Automatic;
				DEVELOPMENT_TEAM = 3T3T8J4T3X;
				INFOPLIST_FILE = "Person UIUITests/Info.plist";
				LD_RUNPATH_SEARCH_PATHS = (
					"$(inherited)",
					"@executable_path/Frameworks",
					"@loader_path/Frameworks",
				);
				PRODUCT_BUNDLE_IDENTIFIER = "com.grantharrison.Person-UIUITests";
				PRODUCT_NAME = "$(TARGET_NAME)";
				SWIFT_VERSION = 5.0;
				TARGETED_DEVICE_FAMILY = "1,2";
				TEST_TARGET_NAME = "Person UI";
			};
			name = Debug;
		};
		9A9F6AC8232AF3D800556904 /* Release */ = {
			isa = XCBuildConfiguration;
			buildSettings = {
				ALWAYS_EMBED_SWIFT_STANDARD_LIBRARIES = YES;
				CODE_SIGN_STYLE = Automatic;
				DEVELOPMENT_TEAM = 3T3T8J4T3X;
				INFOPLIST_FILE = "Person UIUITests/Info.plist";
				LD_RUNPATH_SEARCH_PATHS = (
					"$(inherited)",
					"@executable_path/Frameworks",
					"@loader_path/Frameworks",
				);
				PRODUCT_BUNDLE_IDENTIFIER = "com.grantharrison.Person-UIUITests";
				PRODUCT_NAME = "$(TARGET_NAME)";
				SWIFT_VERSION = 5.0;
				TARGETED_DEVICE_FAMILY = "1,2";
				TEST_TARGET_NAME = "Person UI";
			};
			name = Release;
		};
/* End XCBuildConfiguration section */

/* Begin XCConfigurationList section */
		9A9F6A9E232AF3D600556904 /* Build configuration list for PBXProject "Person UI" */ = {
			isa = XCConfigurationList;
			buildConfigurations = (
				9A9F6AC1232AF3D800556904 /* Debug */,
				9A9F6AC2232AF3D800556904 /* Release */,
			);
			defaultConfigurationIsVisible = 0;
			defaultConfigurationName = Release;
		};
		9A9F6AC3232AF3D800556904 /* Build configuration list for PBXNativeTarget "Person UI" */ = {
			isa = XCConfigurationList;
			buildConfigurations = (
				9A9F6AC4232AF3D800556904 /* Debug */,
				9A9F6AC5232AF3D800556904 /* Release */,
			);
			defaultConfigurationIsVisible = 0;
			defaultConfigurationName = Release;
		};
		9A9F6AC6232AF3D800556904 /* Build configuration list for PBXNativeTarget "Person UIUITests" */ = {
			isa = XCConfigurationList;
			buildConfigurations = (
				9A9F6AC7232AF3D800556904 /* Debug */,
				9A9F6AC8232AF3D800556904 /* Release */,
			);
			defaultConfigurationIsVisible = 0;
			defaultConfigurationName = Release;
		};
/* End XCConfigurationList section */

/* Begin XCVersionGroup section */
		9A9F6AAD232AF3D600556904 /* Person_UI.xcdatamodeld */ = {
			isa = XCVersionGroup;
			children = (
				9A9F6AAE232AF3D600556904 /* Person_UI.xcdatamodel */,
			);
			currentVersion = 9A9F6AAE232AF3D600556904 /* Person_UI.xcdatamodel */;
			path = Person_UI.xcdatamodeld;
			sourceTree = "<group>";
			versionGroupType = wrapper.xcdatamodel;
		};
/* End XCVersionGroup section */
	};
	rootObject = 9A9F6A9B232AF3D600556904 /* Project object */;
}
